
Microsoft Visual Studio Solution File, Format Version 12.00
# Visual Studio Version 17
VisualStudioVersion = 17.6.33801.468
MinimumVisualStudioVersion = 10.0.40219.1
Project("{FAE04EC0-301F-11D3-BF4B-00C04F79EFBC}") = "Thread_project", "Thread_project\Thread_project.csproj", "{82448B5F-1C0C-432D-AD61-EDF0EC19F410}"
EndProject
Global
	GlobalSection(SolutionConfigurationPlatforms) = preSolution
		Debug|Any CPU = Debug|Any CPU
		Release|Any CPU = Release|Any CPU
	EndGlobalSection
	GlobalSection(ProjectConfigurationPlatforms) = postSolution
		{82448B5F-1C0C-432D-AD61-EDF0EC19F410}.Debug|Any CPU.ActiveCfg = Debug|Any CPU
		{82448B5F-1C0C-432D-AD61-EDF0EC19F410}.Debug|Any CPU.Build.0 = Debug|Any CPU
		{82448B5F-1C0C-432D-AD61-EDF0EC19F410}.Release|Any CPU.ActiveCfg = Release|Any CPU
		{82448B5F-1C0C-432D-AD61-EDF0EC19F410}.Release|Any CPU.Build.0 = Release|Any CPU
	EndGlobalSection
	GlobalSection(SolutionProperties) = preSolution
		HideSolutionNode = FALSE
	EndGlobalSection
	GlobalSection(ExtensibilityGlobals) = postSolution
		SolutionGuid = {230BE273-08C1-4964-9CC3-C0DFEDBDFC76}
	EndGlobalSection
EndGlobal
